
Microsoft Visual Studio Solution File, Format Version 12.00
# Visual Studio 2012
Project("{FAE04EC0-301F-11D3-BF4B-00C04F79EFBC}") = "BCP.SimpleForum", "BCP.SimpleForum\BCP.SimpleForum.csproj", "{1AB2C101-D3D5-4604-8F7C-191A1B40DF47}"
EndProject
Project("{FAE04EC0-301F-11D3-BF4B-00C04F79EFBC}") = "BCP.SimpleForum.Test", "BCP.SimpleForum.Test\BCP.SimpleForum.Test.csproj", "{3960AC52-7A91-4EAA-AC7C-592B86B6E65E}"
EndProject
Global
	GlobalSection(SolutionConfigurationPlatforms) = preSolution
		Debug|Any CPU = Debug|Any CPU
		Release|Any CPU = Release|Any CPU
	EndGlobalSection
	GlobalSection(ProjectConfigurationPlatforms) = postSolution
		{1AB2C101-D3D5-4604-8F7C-191A1B40DF47}.Debug|Any CPU.ActiveCfg = Debug|Any CPU
		{1AB2C101-D3D5-4604-8F7C-191A1B40DF47}.Debug|Any CPU.Build.0 = Debug|Any CPU
		{1AB2C101-D3D5-4604-8F7C-191A1B40DF47}.Release|Any CPU.ActiveCfg = Release|Any CPU
		{1AB2C101-D3D5-4604-8F7C-191A1B40DF47}.Release|Any CPU.Build.0 = Release|Any CPU
		{3960AC52-7A91-4EAA-AC7C-592B86B6E65E}.Debug|Any CPU.ActiveCfg = Debug|Any CPU
		{3960AC52-7A91-4EAA-AC7C-592B86B6E65E}.Debug|Any CPU.Build.0 = Debug|Any CPU
		{3960AC52-7A91-4EAA-AC7C-592B86B6E65E}.Release|Any CPU.ActiveCfg = Release|Any CPU
		{3960AC52-7A91-4EAA-AC7C-592B86B6E65E}.Release|Any CPU.Build.0 = Release|Any CPU
	EndGlobalSection
	GlobalSection(SolutionProperties) = preSolution
		HideSolutionNode = FALSE
	EndGlobalSection
EndGlobal
